
Microsoft Visual Studio Solution File, Format Version 12.00
# Visual Studio 15
VisualStudioVersion = 15.0.26430.15
MinimumVisualStudioVersion = 10.0.40219.1
Project("{2150E333-8FDC-42A3-9474-1A3956D46DE8}") = "MainApp", "MainApp", "{6C8B2869-1187-444E-BFFF-C72DEB6367FB}"
EndProject
Project("{FAE04EC0-301F-11D3-BF4B-00C04F79EFBC}") = "QuickyApp", "MainApp\QuickyApp\QuickyApp.csproj", "{A96F7C4B-E48E-402A-9D9D-EFFCC2EBCAC2}"
EndProject
Project("{2150E333-8FDC-42A3-9474-1A3956D46DE8}") = "Apps", "Apps", "{4409EAE3-690D-4FC6-A180-E949423F45F9}"
EndProject
Project("{2150E333-8FDC-42A3-9474-1A3956D46DE8}") = "TranslateApp", "TranslateApp", "{C56C60AD-676A-44B0-9635-FED4009B0A06}"
EndProject
Project("{FAE04EC0-301F-11D3-BF4B-00C04F79EFBC}") = "TranslateApp.UI", "Apps\TranslateApp\TranslateApp.UI\TranslateApp.UI.csproj", "{8F846D18-C0EF-49E6-B925-882EF7029DED}"
EndProject
Project("{FAE04EC0-301F-11D3-BF4B-00C04F79EFBC}") = "TranslateApp.Engine", "Apps\TranslateApp\TranslateApp.Engine\TranslateApp.Engine.csproj", "{CA14C396-D742-4356-B556-73DBE045678E}"
EndProject
Global
	GlobalSection(SolutionConfigurationPlatforms) = preSolution
		Debug|Any CPU = Debug|Any CPU
		Debug|ARM = Debug|ARM
		Debug|x64 = Debug|x64
		Debug|x86 = Debug|x86
		Release|Any CPU = Release|Any CPU
		Release|ARM = Release|ARM
		Release|x64 = Release|x64
		Release|x86 = Release|x86
	EndGlobalSection
	GlobalSection(ProjectConfigurationPlatforms) = postSolution
		{A96F7C4B-E48E-402A-9D9D-EFFCC2EBCAC2}.Debug|Any CPU.ActiveCfg = Debug|x86
		{A96F7C4B-E48E-402A-9D9D-EFFCC2EBCAC2}.Debug|Any CPU.Build.0 = Debug|x86
		{A96F7C4B-E48E-402A-9D9D-EFFCC2EBCAC2}.Debug|Any CPU.Deploy.0 = Debug|x86
		{A96F7C4B-E48E-402A-9D9D-EFFCC2EBCAC2}.Debug|ARM.ActiveCfg = Debug|ARM
		{A96F7C4B-E48E-402A-9D9D-EFFCC2EBCAC2}.Debug|ARM.Build.0 = Debug|ARM
		{A96F7C4B-E48E-402A-9D9D-EFFCC2EBCAC2}.Debug|ARM.Deploy.0 = Debug|ARM
		{A96F7C4B-E48E-402A-9D9D-EFFCC2EBCAC2}.Debug|x64.ActiveCfg = Debug|x64
		{A96F7C4B-E48E-402A-9D9D-EFFCC2EBCAC2}.Debug|x64.Build.0 = Debug|x64
		{A96F7C4B-E48E-402A-9D9D-EFFCC2EBCAC2}.Debug|x64.Deploy.0 = Debug|x64
		{A96F7C4B-E48E-402A-9D9D-EFFCC2EBCAC2}.Debug|x86.ActiveCfg = Debug|x86
		{A96F7C4B-E48E-402A-9D9D-EFFCC2EBCAC2}.Debug|x86.Build.0 = Debug|x86
		{A96F7C4B-E48E-402A-9D9D-EFFCC2EBCAC2}.Debug|x86.Deploy.0 = Debug|x86
		{A96F7C4B-E48E-402A-9D9D-EFFCC2EBCAC2}.Release|Any CPU.ActiveCfg = Release|x86
		{A96F7C4B-E48E-402A-9D9D-EFFCC2EBCAC2}.Release|ARM.ActiveCfg = Release|ARM
		{A96F7C4B-E48E-402A-9D9D-EFFCC2EBCAC2}.Release|ARM.Build.0 = Release|ARM
		{A96F7C4B-E48E-402A-9D9D-EFFCC2EBCAC2}.Release|ARM.Deploy.0 = Release|ARM
		{A96F7C4B-E48E-402A-9D9D-EFFCC2EBCAC2}.Release|x64.ActiveCfg = Release|x64
		{A96F7C4B-E48E-402A-9D9D-EFFCC2EBCAC2}.Release|x64.Build.0 = Release|x64
		{A96F7C4B-E48E-402A-9D9D-EFFCC2EBCAC2}.Release|x64.Deploy.0 = Release|x64
		{A96F7C4B-E48E-402A-9D9D-EFFCC2EBCAC2}.Release|x86.ActiveCfg = Release|x86
		{A96F7C4B-E48E-402A-9D9D-EFFCC2EBCAC2}.Release|x86.Build.0 = Release|x86
		{A96F7C4B-E48E-402A-9D9D-EFFCC2EBCAC2}.Release|x86.Deploy.0 = Release|x86
		{8F846D18-C0EF-49E6-B925-882EF7029DED}.Debug|Any CPU.ActiveCfg = Debug|Any CPU
		{8F846D18-C0EF-49E6-B925-882EF7029DED}.Debug|Any CPU.Build.0 = Debug|Any CPU
		{8F846D18-C0EF-49E6-B925-882EF7029DED}.Debug|ARM.ActiveCfg = Debug|ARM
		{8F846D18-C0EF-49E6-B925-882EF7029DED}.Debug|ARM.Build.0 = Debug|ARM
		{8F846D18-C0EF-49E6-B925-882EF7029DED}.Debug|x64.ActiveCfg = Debug|x64
		{8F846D18-C0EF-49E6-B925-882EF7029DED}.Debug|x64.Build.0 = Debug|x64
		{8F846D18-C0EF-49E6-B925-882EF7029DED}.Debug|x86.ActiveCfg = Debug|x86
		{8F846D18-C0EF-49E6-B925-882EF7029DED}.Debug|x86.Build.0 = Debug|x86
		{8F846D18-C0EF-49E6-B925-882EF7029DED}.Release|Any CPU.ActiveCfg = Release|Any CPU
		{8F846D18-C0EF-49E6-B925-882EF7029DED}.Release|Any CPU.Build.0 = Release|Any CPU
		{8F846D18-C0EF-49E6-B925-882EF7029DED}.Release|ARM.ActiveCfg = Release|ARM
		{8F846D18-C0EF-49E6-B925-882EF7029DED}.Release|ARM.Build.0 = Release|ARM
		{8F846D18-C0EF-49E6-B925-882EF7029DED}.Release|x64.ActiveCfg = Release|x64
		{8F846D18-C0EF-49E6-B925-882EF7029DED}.Release|x64.Build.0 = Release|x64
		{8F846D18-C0EF-49E6-B925-882EF7029DED}.Release|x86.ActiveCfg = Release|x86
		{8F846D18-C0EF-49E6-B925-882EF7029DED}.Release|x86.Build.0 = Release|x86
		{CA14C396-D742-4356-B556-73DBE045678E}.Debug|Any CPU.ActiveCfg = Debug|Any CPU
		{CA14C396-D742-4356-B556-73DBE045678E}.Debug|Any CPU.Build.0 = Debug|Any CPU
		{CA14C396-D742-4356-B556-73DBE045678E}.Debug|ARM.ActiveCfg = Debug|Any CPU
		{CA14C396-D742-4356-B556-73DBE045678E}.Debug|ARM.Build.0 = Debug|Any CPU
		{CA14C396-D742-4356-B556-73DBE045678E}.Debug|x64.ActiveCfg = Debug|Any CPU
		{CA14C396-D742-4356-B556-73DBE045678E}.Debug|x64.Build.0 = Debug|Any CPU
		{CA14C396-D742-4356-B556-73DBE045678E}.Debug|x86.ActiveCfg = Debug|Any CPU
		{CA14C396-D742-4356-B556-73DBE045678E}.Debug|x86.Build.0 = Debug|Any CPU
		{CA14C396-D742-4356-B556-73DBE045678E}.Release|Any CPU.ActiveCfg = Release|Any CPU
		{CA14C396-D742-4356-B556-73DBE045678E}.Release|Any CPU.Build.0 = Release|Any CPU
		{CA14C396-D742-4356-B556-73DBE045678E}.Release|ARM.ActiveCfg = Release|Any CPU
		{CA14C396-D742-4356-B556-73DBE045678E}.Release|ARM.Build.0 = Release|Any CPU
		{CA14C396-D742-4356-B556-73DBE045678E}.Release|x64.ActiveCfg = Release|Any CPU
		{CA14C396-D742-4356-B556-73DBE045678E}.Release|x64.Build.0 = Release|Any CPU
		{CA14C396-D742-4356-B556-73DBE045678E}.Release|x86.ActiveCfg = Release|Any CPU
		{CA14C396-D742-4356-B556-73DBE045678E}.Release|x86.Build.0 = Release|Any CPU
	EndGlobalSection
	GlobalSection(SolutionProperties) = preSolution
		HideSolutionNode = FALSE
	EndGlobalSection
	GlobalSection(NestedProjects) = preSolution
		{A96F7C4B-E48E-402A-9D9D-EFFCC2EBCAC2} = {6C8B2869-1187-444E-BFFF-C72DEB6367FB}
		{C56C60AD-676A-44B0-9635-FED4009B0A06} = {4409EAE3-690D-4FC6-A180-E949423F45F9}
		{8F846D18-C0EF-49E6-B925-882EF7029DED} = {C56C60AD-676A-44B0-9635-FED4009B0A06}
		{CA14C396-D742-4356-B556-73DBE045678E} = {C56C60AD-676A-44B0-9635-FED4009B0A06}
	EndGlobalSection
EndGlobal
